// !$*UTF8*$!
{
	archiveVersion = 1;
	classes = {
	};
	objectVersion = 46;
	objects = {

/* Begin PBXBuildFile section */
		0BBAC4B265BBF13CDA520D94 /* libPods-ACWorld.a in Frameworks */ = {isa = PBXBuildFile; fileRef = 7AA9220AA56B3935FA5950EC /* libPods-ACWorld.a */; };
		183DCD651D010EA700710703 /* main.m in Sources */ = {isa = PBXBuildFile; fileRef = 183DCD641D010EA700710703 /* main.m */; };
		183DCD681D010EA700710703 /* AppDelegate.m in Sources */ = {isa = PBXBuildFile; fileRef = 183DCD671D010EA700710703 /* AppDelegate.m */; };
		183DCD701D010EA700710703 /* Assets.xcassets in Resources */ = {isa = PBXBuildFile; fileRef = 183DCD6F1D010EA700710703 /* Assets.xcassets */; };
		183DCD731D010EA800710703 /* LaunchScreen.storyboard in Resources */ = {isa = PBXBuildFile; fileRef = 183DCD711D010EA800710703 /* LaunchScreen.storyboard */; };
		183DCD8B1D010F7F00710703 /* LoginViewController.m in Sources */ = {isa = PBXBuildFile; fileRef = 183DCD7D1D010F7F00710703 /* LoginViewController.m */; };
		183DCD8C1D010F7F00710703 /* LyCustomLoginTextField.m in Sources */ = {isa = PBXBuildFile; fileRef = 183DCD801D010F7F00710703 /* LyCustomLoginTextField.m */; };
		183DCD8D1D010F7F00710703 /* MyUtil.m in Sources */ = {isa = PBXBuildFile; fileRef = 183DCD821D010F7F00710703 /* MyUtil.m */; };
		183DCD8E1D010F7F00710703 /* UIView+Category.m in Sources */ = {isa = PBXBuildFile; fileRef = 183DCD851D010F7F00710703 /* UIView+Category.m */; };
		183DCD8F1D010F7F00710703 /* LyMatchScreen.m in Sources */ = {isa = PBXBuildFile; fileRef = 183DCD881D010F7F00710703 /* LyMatchScreen.m */; };
		183DCD901D010F7F00710703 /* MBProgressHUD.bundle in Resources */ = {isa = PBXBuildFile; fileRef = 183DCD8A1D010F7F00710703 /* MBProgressHUD.bundle */; };
		183DCD971D0112CD00710703 /* MyTabBarController.m in Sources */ = {isa = PBXBuildFile; fileRef = 183DCD961D0112CD00710703 /* MyTabBarController.m */; };
		183DCD9E1D01170D00710703 /* MessageViewController.m in Sources */ = {isa = PBXBuildFile; fileRef = 183DCD9D1D01170D00710703 /* MessageViewController.m */; };
		183DCDA41D01194900710703 /* WorldViewController.m in Sources */ = {isa = PBXBuildFile; fileRef = 183DCDA31D01194900710703 /* WorldViewController.m */; };
		183DCDA71D01195300710703 /* MeetingViewController.m in Sources */ = {isa = PBXBuildFile; fileRef = 183DCDA61D01195300710703 /* MeetingViewController.m */; };
		183DCDAA1D01195C00710703 /* MineViewController.m in Sources */ = {isa = PBXBuildFile; fileRef = 183DCDA91D01195C00710703 /* MineViewController.m */; };
		183DCDD41D012FBB00710703 /* UMSocialLocalizable.strings in Resources */ = {isa = PBXBuildFile; fileRef = 183DCDAC1D012FBB00710703 /* UMSocialLocalizable.strings */; };
		183DCDD51D012FBB00710703 /* libUMSocial_Sdk_5.2.1.a in Frameworks */ = {isa = PBXBuildFile; fileRef = 183DCDBA1D012FBB00710703 /* libUMSocial_Sdk_5.2.1.a */; };
		183DCDD61D012FBB00710703 /* UMSCommentDetailController.xib in Resources */ = {isa = PBXBuildFile; fileRef = 183DCDBC1D012FBB00710703 /* UMSCommentDetailController.xib */; };
		183DCDD71D012FBB00710703 /* UMSCommentInputController.xib in Resources */ = {isa = PBXBuildFile; fileRef = 183DCDBD1D012FBB00710703 /* UMSCommentInputController.xib */; };
		183DCDD81D012FBB00710703 /* UMSCommentInputControlleriPad.xib in Resources */ = {isa = PBXBuildFile; fileRef = 183DCDBE1D012FBB00710703 /* UMSCommentInputControlleriPad.xib */; };
		183DCDD91D012FBB00710703 /* UMShareEditViewController.xib in Resources */ = {isa = PBXBuildFile; fileRef = 183DCDBF1D012FBB00710703 /* UMShareEditViewController.xib */; };
		183DCDDA1D012FBB00710703 /* UMShareEditViewControlleriPad.xib in Resources */ = {isa = PBXBuildFile; fileRef = 183DCDC01D012FBB00710703 /* UMShareEditViewControlleriPad.xib */; };
		183DCDDB1D012FBB00710703 /* UMSLoginViewController.xib in Resources */ = {isa = PBXBuildFile; fileRef = 183DCDC11D012FBB00710703 /* UMSLoginViewController.xib */; };
		183DCDDC1D012FBB00710703 /* UMSnsAccountViewController.xib in Resources */ = {isa = PBXBuildFile; fileRef = 183DCDC21D012FBB00710703 /* UMSnsAccountViewController.xib */; };
		183DCDDD1D012FBB00710703 /* UMSShareListController.xib in Resources */ = {isa = PBXBuildFile; fileRef = 183DCDC31D012FBB00710703 /* UMSShareListController.xib */; };
		183DCDDE1D012FBB00710703 /* UMSocialSDKResourcesNew.bundle in Resources */ = {isa = PBXBuildFile; fileRef = 183DCDC41D012FBB00710703 /* UMSocialSDKResourcesNew.bundle */; };
		183DCDDF1D012FBB00710703 /* libSocialQQ.a in Frameworks */ = {isa = PBXBuildFile; fileRef = 183DCDC81D012FBB00710703 /* libSocialQQ.a */; };
		183DCDE01D012FBB00710703 /* TencentOpenAPI.framework in Frameworks */ = {isa = PBXBuildFile; fileRef = 183DCDC91D012FBB00710703 /* TencentOpenAPI.framework */; };
		183DCDE11D012FBB00710703 /* TencentOpenApi_IOS_Bundle.bundle in Resources */ = {isa = PBXBuildFile; fileRef = 183DCDCA1D012FBB00710703 /* TencentOpenApi_IOS_Bundle.bundle */; };
		183DCDE21D012FBB00710703 /* libSocialWechat.a in Frameworks */ = {isa = PBXBuildFile; fileRef = 183DCDCD1D012FBB00710703 /* libSocialWechat.a */; };
		183DCDE31D012FBB00710703 /* libWeChatSDK.a in Frameworks */ = {isa = PBXBuildFile; fileRef = 183DCDCE1D012FBB00710703 /* libWeChatSDK.a */; };
		183DCDE41D012FBB00710703 /* README.txt in Resources */ = {isa = PBXBuildFile; fileRef = 183DCDCF1D012FBB00710703 /* README.txt */; };
		183DCDE61D01324F00710703 /* Security.framework in Frameworks */ = {isa = PBXBuildFile; fileRef = 183DCDE51D01324F00710703 /* Security.framework */; };
		183DCDE81D01325A00710703 /* libiconv.tbd in Frameworks */ = {isa = PBXBuildFile; fileRef = 183DCDE71D01325A00710703 /* libiconv.tbd */; };
		183DCDEA1D01326200710703 /* SystemConfiguration.framework in Frameworks */ = {isa = PBXBuildFile; fileRef = 183DCDE91D01326200710703 /* SystemConfiguration.framework */; };
		183DCDEC1D01326E00710703 /* CoreGraphics.framework in Frameworks */ = {isa = PBXBuildFile; fileRef = 183DCDEB1D01326E00710703 /* CoreGraphics.framework */; };
		183DCDEE1D01327700710703 /* libsqlite3.tbd in Frameworks */ = {isa = PBXBuildFile; fileRef = 183DCDED1D01327700710703 /* libsqlite3.tbd */; };
		183DCDF01D01328000710703 /* CoreTelephony.framework in Frameworks */ = {isa = PBXBuildFile; fileRef = 183DCDEF1D01328000710703 /* CoreTelephony.framework */; };
		183DCDF21D01328A00710703 /* libstdc++.tbd in Frameworks */ = {isa = PBXBuildFile; fileRef = 183DCDF11D01328A00710703 /* libstdc++.tbd */; };
		183DCDF41D01329200710703 /* libz.tbd in Frameworks */ = {isa = PBXBuildFile; fileRef = 183DCDF31D01329200710703 /* libz.tbd */; };
		183DCF101D0525DA00710703 /* NSObject+Model.m in Sources */ = {isa = PBXBuildFile; fileRef = 183DCF0D1D0525DA00710703 /* NSObject+Model.m */; };
		183DCF111D0525DA00710703 /* NSObject+Property.m in Sources */ = {isa = PBXBuildFile; fileRef = 183DCF0F1D0525DA00710703 /* NSObject+Property.m */; };
		183DCF141D05269700710703 /* SkipViewController.m in Sources */ = {isa = PBXBuildFile; fileRef = 183DCF131D05269700710703 /* SkipViewController.m */; };
		183DCF3E1D05626F00710703 /* MessageCell.m in Sources */ = {isa = PBXBuildFile; fileRef = 183DCF3D1D05626F00710703 /* MessageCell.m */; };
		183DCF411D05692000710703 /* MessageChattingViewController.m in Sources */ = {isa = PBXBuildFile; fileRef = 183DCF401D05692000710703 /* MessageChattingViewController.m */; };
		183DCF451D056D6000710703 /* PopMenu.m in Sources */ = {isa = PBXBuildFile; fileRef = 183DCF441D056D6000710703 /* PopMenu.m */; };
/* End PBXBuildFile section */

/* Begin PBXFileReference section */
		183DCD601D010EA700710703 /* ACWorld.app */ = {isa = PBXFileReference; explicitFileType = wrapper.application; includeInIndex = 0; path = ACWorld.app; sourceTree = BUILT_PRODUCTS_DIR; };
		183DCD641D010EA700710703 /* main.m */ = {isa = PBXFileReference; lastKnownFileType = sourcecode.c.objc; path = main.m; sourceTree = "<group>"; };
		183DCD661D010EA700710703 /* AppDelegate.h */ = {isa = PBXFileReference; lastKnownFileType = sourcecode.c.h; path = AppDelegate.h; sourceTree = "<group>"; };
		183DCD671D010EA700710703 /* AppDelegate.m */ = {isa = PBXFileReference; lastKnownFileType = sourcecode.c.objc; path = AppDelegate.m; sourceTree = "<group>"; };
		183DCD6F1D010EA700710703 /* Assets.xcassets */ = {isa = PBXFileReference; lastKnownFileType = folder.assetcatalog; path = Assets.xcassets; sourceTree = "<group>"; };
		183DCD721D010EA800710703 /* Base */ = {isa = PBXFileReference; lastKnownFileType = file.storyboard; name = Base; path = Base.lproj/LaunchScreen.storyboard; sourceTree = "<group>"; };
		183DCD741D010EA800710703 /* Info.plist */ = {isa = PBXFileReference; lastKnownFileType = text.plist.xml; path = Info.plist; sourceTree = "<group>"; };
		183DCD7C1D010F7F00710703 /* LoginViewController.h */ = {isa = PBXFileReference; fileEncoding = 4; lastKnownFileType = sourcecode.c.h; path = LoginViewController.h; sourceTree = "<group>"; };
		183DCD7D1D010F7F00710703 /* LoginViewController.m */ = {isa = PBXFileReference; fileEncoding = 4; lastKnownFileType = sourcecode.c.objc; path = LoginViewController.m; sourceTree = "<group>"; };
		183DCD7F1D010F7F00710703 /* LyCustomLoginTextField.h */ = {isa = PBXFileReference; fileEncoding = 4; lastKnownFileType = sourcecode.c.h; path = LyCustomLoginTextField.h; sourceTree = "<group>"; };
		183DCD801D010F7F00710703 /* LyCustomLoginTextField.m */ = {isa = PBXFileReference; fileEncoding = 4; lastKnownFileType = sourcecode.c.objc; path = LyCustomLoginTextField.m; sourceTree = "<group>"; };
		183DCD811D010F7F00710703 /* MyUtil.h */ = {isa = PBXFileReference; fileEncoding = 4; lastKnownFileType = sourcecode.c.h; path = MyUtil.h; sourceTree = "<group>"; };
		183DCD821D010F7F00710703 /* MyUtil.m */ = {isa = PBXFileReference; fileEncoding = 4; lastKnownFileType = sourcecode.c.objc; path = MyUtil.m; sourceTree = "<group>"; };
		183DCD841D010F7F00710703 /* UIView+Category.h */ = {isa = PBXFileReference; fileEncoding = 4; lastKnownFileType = sourcecode.c.h; path = "UIView+Category.h"; sourceTree = "<group>"; };
		183DCD851D010F7F00710703 /* UIView+Category.m */ = {isa = PBXFileReference; fileEncoding = 4; lastKnownFileType = sourcecode.c.objc; path = "UIView+Category.m"; sourceTree = "<group>"; };
		183DCD871D010F7F00710703 /* LyMatchScreen.h */ = {isa = PBXFileReference; fileEncoding = 4; lastKnownFileType = sourcecode.c.h; path = LyMatchScreen.h; sourceTree = "<group>"; };
		183DCD881D010F7F00710703 /* LyMatchScreen.m */ = {isa = PBXFileReference; fileEncoding = 4; lastKnownFileType = sourcecode.c.objc; path = LyMatchScreen.m; sourceTree = "<group>"; };
		183DCD8A1D010F7F00710703 /* MBProgressHUD.bundle */ = {isa = PBXFileReference; lastKnownFileType = "wrapper.plug-in"; path = MBProgressHUD.bundle; sourceTree = "<group>"; };
		183DCD951D0112CD00710703 /* MyTabBarController.h */ = {isa = PBXFileReference; fileEncoding = 4; lastKnownFileType = sourcecode.c.h; path = MyTabBarController.h; sourceTree = "<group>"; };
		183DCD961D0112CD00710703 /* MyTabBarController.m */ = {isa = PBXFileReference; fileEncoding = 4; lastKnownFileType = sourcecode.c.objc; path = MyTabBarController.m; sourceTree = "<group>"; };
		183DCD9C1D01170D00710703 /* MessageViewController.h */ = {isa = PBXFileReference; fileEncoding = 4; lastKnownFileType = sourcecode.c.h; path = MessageViewController.h; sourceTree = "<group>"; };
		183DCD9D1D01170D00710703 /* MessageViewController.m */ = {isa = PBXFileReference; fileEncoding = 4; lastKnownFileType = sourcecode.c.objc; path = MessageViewController.m; sourceTree = "<group>"; };
		183DCDA21D01194900710703 /* WorldViewController.h */ = {isa = PBXFileReference; fileEncoding = 4; lastKnownFileType = sourcecode.c.h; path = WorldViewController.h; sourceTree = "<group>"; };
		183DCDA31D01194900710703 /* WorldViewController.m */ = {isa = PBXFileReference; fileEncoding = 4; lastKnownFileType = sourcecode.c.objc; path = WorldViewController.m; sourceTree = "<group>"; };
		183DCDA51D01195300710703 /* MeetingViewController.h */ = {isa = PBXFileReference; fileEncoding = 4; lastKnownFileType = sourcecode.c.h; path = MeetingViewController.h; sourceTree = "<group>"; };
		183DCDA61D01195300710703 /* MeetingViewController.m */ = {isa = PBXFileReference; fileEncoding = 4; lastKnownFileType = sourcecode.c.objc; path = MeetingViewController.m; sourceTree = "<group>"; };
		183DCDA81D01195C00710703 /* MineViewController.h */ = {isa = PBXFileReference; fileEncoding = 4; lastKnownFileType = sourcecode.c.h; path = MineViewController.h; sourceTree = "<group>"; };
		183DCDA91D01195C00710703 /* MineViewController.m */ = {isa = PBXFileReference; fileEncoding = 4; lastKnownFileType = sourcecode.c.objc; path = MineViewController.m; sourceTree = "<group>"; };
		183DCDAD1D012FBB00710703 /* en */ = {isa = PBXFileReference; lastKnownFileType = text.plist.strings; name = en; path = en.lproj/UMSocialLocalizable.strings; sourceTree = "<group>"; };
		183DCDAF1D012FBB00710703 /* UMSocial.h */ = {isa = PBXFileReference; fileEncoding = 4; lastKnownFileType = sourcecode.c.h; path = UMSocial.h; sourceTree = "<group>"; };
		183DCDB01D012FBB00710703 /* UMSocialAccountManager.h */ = {isa = PBXFileReference; fileEncoding = 4; lastKnownFileType = sourcecode.c.h; path = UMSocialAccountManager.h; sourceTree = "<group>"; };
		183DCDB11D012FBB00710703 /* UMSocialBar.h */ = {isa = PBXFileReference; fileEncoding = 4; lastKnownFileType = sourcecode.c.h; path = UMSocialBar.h; sourceTree = "<group>"; };
		183DCDB21D012FBB00710703 /* UMSocialConfig.h */ = {isa = PBXFileReference; fileEncoding = 4; lastKnownFileType = sourcecode.c.h; path = UMSocialConfig.h; sourceTree = "<group>"; };
		183DCDB31D012FBB00710703 /* UMSocialControllerService.h */ = {isa = PBXFileReference; fileEncoding = 4; lastKnownFileType = sourcecode.c.h; path = UMSocialControllerService.h; sourceTree = "<group>"; };
		183DCDB41D012FBB00710703 /* UMSocialControllerServiceComment.h */ = {isa = PBXFileReference; fileEncoding = 4; lastKnownFileType = sourcecode.c.h; path = UMSocialControllerServiceComment.h; sourceTree = "<group>"; };
		183DCDB51D012FBB00710703 /* UMSocialData.h */ = {isa = PBXFileReference; fileEncoding = 4; lastKnownFileType = sourcecode.c.h; path = UMSocialData.h; sourceTree = "<group>"; };
		183DCDB61D012FBB00710703 /* UMSocialDataService.h */ = {isa = PBXFileReference; fileEncoding = 4; lastKnownFileType = sourcecode.c.h; path = UMSocialDataService.h; sourceTree = "<group>"; };
		183DCDB71D012FBB00710703 /* UMSocialSnsData.h */ = {isa = PBXFileReference; fileEncoding = 4; lastKnownFileType = sourcecode.c.h; path = UMSocialSnsData.h; sourceTree = "<group>"; };
		183DCDB81D012FBB00710703 /* UMSocialSnsPlatformManager.h */ = {isa = PBXFileReference; fileEncoding = 4; lastKnownFileType = sourcecode.c.h; path = UMSocialSnsPlatformManager.h; sourceTree = "<group>"; };
		183DCDB91D012FBB00710703 /* UMSocialSnsService.h */ = {isa = PBXFileReference; fileEncoding = 4; lastKnownFileType = sourcecode.c.h; path = UMSocialSnsService.h; sourceTree = "<group>"; };
		183DCDBA1D012FBB00710703 /* libUMSocial_Sdk_5.2.1.a */ = {isa = PBXFileReference; lastKnownFileType = archive.ar; path = libUMSocial_Sdk_5.2.1.a; sourceTree = "<group>"; };
		183DCDBC1D012FBB00710703 /* UMSCommentDetailController.xib */ = {isa = PBXFileReference; fileEncoding = 4; lastKnownFileType = file.xib; path = UMSCommentDetailController.xib; sourceTree = "<group>"; };
		183DCDBD1D012FBB00710703 /* UMSCommentInputController.xib */ = {isa = PBXFileReference; fileEncoding = 4; lastKnownFileType = file.xib; path = UMSCommentInputController.xib; sourceTree = "<group>"; };
		183DCDBE1D012FBB00710703 /* UMSCommentInputControlleriPad.xib */ = {isa = PBXFileReference; fileEncoding = 4; lastKnownFileType = file.xib; path = UMSCommentInputControlleriPad.xib; sourceTree = "<group>"; };
		183DCDBF1D012FBB00710703 /* UMShareEditViewController.xib */ = {isa = PBXFileReference; fileEncoding = 4; lastKnownFileType = file.xib; path = UMShareEditViewController.xib; sourceTree = "<group>"; };
		183DCDC01D012FBB00710703 /* UMShareEditViewControlleriPad.xib */ = {isa = PBXFileReference; fileEncoding = 4; lastKnownFileType = file.xib; path = UMShareEditViewControlleriPad.xib; sourceTree = "<group>"; };
		183DCDC11D012FBB00710703 /* UMSLoginViewController.xib */ = {isa = PBXFileReference; fileEncoding = 4; lastKnownFileType = file.xib; path = UMSLoginViewController.xib; sourceTree = "<group>"; };
		183DCDC21D012FBB00710703 /* UMSnsAccountViewController.xib */ = {isa = PBXFileReference; fileEncoding = 4; lastKnownFileType = file.xib; path = UMSnsAccountViewController.xib; sourceTree = "<group>"; };
		183DCDC31D012FBB00710703 /* UMSShareListController.xib */ = {isa = PBXFileReference; fileEncoding = 4; lastKnownFileType = file.xib; path = UMSShareListController.xib; sourceTree = "<group>"; };
		183DCDC41D012FBB00710703 /* UMSocialSDKResourcesNew.bundle */ = {isa = PBXFileReference; lastKnownFileType = "wrapper.plug-in"; path = UMSocialSDKResourcesNew.bundle; sourceTree = "<group>"; };
		183DCDC51D012FBB00710703 /* zh-Hans */ = {isa = PBXFileReference; lastKnownFileType = text.plist.strings; name = "zh-Hans"; path = "zh-Hans.lproj/UMSocialLocalizable.strings"; sourceTree = "<group>"; };
		183DCDC81D012FBB00710703 /* libSocialQQ.a */ = {isa = PBXFileReference; lastKnownFileType = archive.ar; path = libSocialQQ.a; sourceTree = "<group>"; };
		183DCDC91D012FBB00710703 /* TencentOpenAPI.framework */ = {isa = PBXFileReference; lastKnownFileType = wrapper.framework; path = TencentOpenAPI.framework; sourceTree = "<group>"; };
		183DCDCA1D012FBB00710703 /* TencentOpenApi_IOS_Bundle.bundle */ = {isa = PBXFileReference; lastKnownFileType = "wrapper.plug-in"; path = TencentOpenApi_IOS_Bundle.bundle; sourceTree = "<group>"; };
		183DCDCB1D012FBB00710703 /* UMSocialQQHandler.h */ = {isa = PBXFileReference; fileEncoding = 4; lastKnownFileType = sourcecode.c.h; path = UMSocialQQHandler.h; sourceTree = "<group>"; };
		183DCDCD1D012FBB00710703 /* libSocialWechat.a */ = {isa = PBXFileReference; lastKnownFileType = archive.ar; path = libSocialWechat.a; sourceTree = "<group>"; };
		183DCDCE1D012FBB00710703 /* libWeChatSDK.a */ = {isa = PBXFileReference; lastKnownFileType = archive.ar; path = libWeChatSDK.a; sourceTree = "<group>"; };
		183DCDCF1D012FBB00710703 /* README.txt */ = {isa = PBXFileReference; fileEncoding = 4; lastKnownFileType = text; path = README.txt; sourceTree = "<group>"; };
		183DCDD01D012FBB00710703 /* UMSocialWechatHandler.h */ = {isa = PBXFileReference; fileEncoding = 4; lastKnownFileType = sourcecode.c.h; path = UMSocialWechatHandler.h; sourceTree = "<group>"; };
		183DCDD11D012FBB00710703 /* WechatAuthSDK.h */ = {isa = PBXFileReference; fileEncoding = 4; lastKnownFileType = sourcecode.c.h; path = WechatAuthSDK.h; sourceTree = "<group>"; };
		183DCDD21D012FBB00710703 /* WXApi.h */ = {isa = PBXFileReference; fileEncoding = 4; lastKnownFileType = sourcecode.c.h; path = WXApi.h; sourceTree = "<group>"; };
		183DCDD31D012FBB00710703 /* WXApiObject.h */ = {isa = PBXFileReference; fileEncoding = 4; lastKnownFileType = sourcecode.c.h; path = WXApiObject.h; sourceTree = "<group>"; };
		183DCDE51D01324F00710703 /* Security.framework */ = {isa = PBXFileReference; lastKnownFileType = wrapper.framework; name = Security.framework; path = System/Library/Frameworks/Security.framework; sourceTree = SDKROOT; };
		183DCDE71D01325A00710703 /* libiconv.tbd */ = {isa = PBXFileReference; lastKnownFileType = "sourcecode.text-based-dylib-definition"; name = libiconv.tbd; path = usr/lib/libiconv.tbd; sourceTree = SDKROOT; };
		183DCDE91D01326200710703 /* SystemConfiguration.framework */ = {isa = PBXFileReference; lastKnownFileType = wrapper.framework; name = SystemConfiguration.framework; path = System/Library/Frameworks/SystemConfiguration.framework; sourceTree = SDKROOT; };
		183DCDEB1D01326E00710703 /* CoreGraphics.framework */ = {isa = PBXFileReference; lastKnownFileType = wrapper.framework; name = CoreGraphics.framework; path = System/Library/Frameworks/CoreGraphics.framework; sourceTree = SDKROOT; };
		183DCDED1D01327700710703 /* libsqlite3.tbd */ = {isa = PBXFileReference; lastKnownFileType = "sourcecode.text-based-dylib-definition"; name = libsqlite3.tbd; path = usr/lib/libsqlite3.tbd; sourceTree = SDKROOT; };
		183DCDEF1D01328000710703 /* CoreTelephony.framework */ = {isa = PBXFileReference; lastKnownFileType = wrapper.framework; name = CoreTelephony.framework; path = System/Library/Frameworks/CoreTelephony.framework; sourceTree = SDKROOT; };
		183DCDF11D01328A00710703 /* libstdc++.tbd */ = {isa = PBXFileReference; lastKnownFileType = "sourcecode.text-based-dylib-definition"; name = "libstdc++.tbd"; path = "usr/lib/libstdc++.tbd"; sourceTree = SDKROOT; };
		183DCDF31D01329200710703 /* libz.tbd */ = {isa = PBXFileReference; lastKnownFileType = "sourcecode.text-based-dylib-definition"; name = libz.tbd; path = usr/lib/libz.tbd; sourceTree = SDKROOT; };
		183DCF0C1D0525DA00710703 /* NSObject+Model.h */ = {isa = PBXFileReference; fileEncoding = 4; lastKnownFileType = sourcecode.c.h; path = "NSObject+Model.h"; sourceTree = "<group>"; };
		183DCF0D1D0525DA00710703 /* NSObject+Model.m */ = {isa = PBXFileReference; fileEncoding = 4; lastKnownFileType = sourcecode.c.objc; path = "NSObject+Model.m"; sourceTree = "<group>"; };
		183DCF0E1D0525DA00710703 /* NSObject+Property.h */ = {isa = PBXFileReference; fileEncoding = 4; lastKnownFileType = sourcecode.c.h; path = "NSObject+Property.h"; sourceTree = "<group>"; };
		183DCF0F1D0525DA00710703 /* NSObject+Property.m */ = {isa = PBXFileReference; fileEncoding = 4; lastKnownFileType = sourcecode.c.objc; path = "NSObject+Property.m"; sourceTree = "<group>"; };
		183DCF121D05269700710703 /* SkipViewController.h */ = {isa = PBXFileReference; fileEncoding = 4; lastKnownFileType = sourcecode.c.h; path = SkipViewController.h; sourceTree = "<group>"; };
		183DCF131D05269700710703 /* SkipViewController.m */ = {isa = PBXFileReference; fileEncoding = 4; lastKnownFileType = sourcecode.c.objc; path = SkipViewController.m; sourceTree = "<group>"; };
		183DCF151D0526EE00710703 /* PrefixHeader.pch */ = {isa = PBXFileReference; lastKnownFileType = sourcecode.c.h; path = PrefixHeader.pch; sourceTree = "<group>"; };
		183DCF3C1D05626F00710703 /* MessageCell.h */ = {isa = PBXFileReference; fileEncoding = 4; lastKnownFileType = sourcecode.c.h; path = MessageCell.h; sourceTree = "<group>"; };
		183DCF3D1D05626F00710703 /* MessageCell.m */ = {isa = PBXFileReference; fileEncoding = 4; lastKnownFileType = sourcecode.c.objc; path = MessageCell.m; sourceTree = "<group>"; };
		183DCF3F1D05692000710703 /* MessageChattingViewController.h */ = {isa = PBXFileReference; fileEncoding = 4; lastKnownFileType = sourcecode.c.h; path = MessageChattingViewController.h; sourceTree = "<group>"; };
		183DCF401D05692000710703 /* MessageChattingViewController.m */ = {isa = PBXFileReference; fileEncoding = 4; lastKnownFileType = sourcecode.c.objc; path = MessageChattingViewController.m; sourceTree = "<group>"; };
		183DCF431D056D6000710703 /* PopMenu.h */ = {isa = PBXFileReference; fileEncoding = 4; lastKnownFileType = sourcecode.c.h; path = PopMenu.h; sourceTree = "<group>"; };
		183DCF441D056D6000710703 /* PopMenu.m */ = {isa = PBXFileReference; fileEncoding = 4; lastKnownFileType = sourcecode.c.objc; path = PopMenu.m; sourceTree = "<group>"; };
		7AA9220AA56B3935FA5950EC /* libPods-ACWorld.a */ = {isa = PBXFileReference; explicitFileType = archive.ar; includeInIndex = 0; path = "libPods-ACWorld.a"; sourceTree = BUILT_PRODUCTS_DIR; };
		A0DD7A2629481DBB3CB2ACF1 /* Pods-ACWorld.debug.xcconfig */ = {isa = PBXFileReference; includeInIndex = 1; lastKnownFileType = text.xcconfig; name = "Pods-ACWorld.debug.xcconfig"; path = "Pods/Target Support Files/Pods-ACWorld/Pods-ACWorld.debug.xcconfig"; sourceTree = "<group>"; };
		F31649F27EF1743E1CC71E16 /* Pods-ACWorld.release.xcconfig */ = {isa = PBXFileReference; includeInIndex = 1; lastKnownFileType = text.xcconfig; name = "Pods-ACWorld.release.xcconfig"; path = "Pods/Target Support Files/Pods-ACWorld/Pods-ACWorld.release.xcconfig"; sourceTree = "<group>"; };
/* End PBXFileReference section */

/* Begin PBXFrameworksBuildPhase section */
		183DCD5D1D010EA700710703 /* Frameworks */ = {
			isa = PBXFrameworksBuildPhase;
			buildActionMask = 2147483647;
			files = (
				183DCDF41D01329200710703 /* libz.tbd in Frameworks */,
				183DCDF21D01328A00710703 /* libstdc++.tbd in Frameworks */,
				183DCDF01D01328000710703 /* CoreTelephony.framework in Frameworks */,
				183DCDEE1D01327700710703 /* libsqlite3.tbd in Frameworks */,
				183DCDEC1D01326E00710703 /* CoreGraphics.framework in Frameworks */,
				183DCDEA1D01326200710703 /* SystemConfiguration.framework in Frameworks */,
				183DCDE81D01325A00710703 /* libiconv.tbd in Frameworks */,
				183DCDE61D01324F00710703 /* Security.framework in Frameworks */,
				183DCDDF1D012FBB00710703 /* libSocialQQ.a in Frameworks */,
				183DCDE21D012FBB00710703 /* libSocialWechat.a in Frameworks */,
				183DCDE31D012FBB00710703 /* libWeChatSDK.a in Frameworks */,
				183DCDE01D012FBB00710703 /* TencentOpenAPI.framework in Frameworks */,
				183DCDD51D012FBB00710703 /* libUMSocial_Sdk_5.2.1.a in Frameworks */,
				0BBAC4B265BBF13CDA520D94 /* libPods-ACWorld.a in Frameworks */,
			);
			runOnlyForDeploymentPostprocessing = 0;
		};
/* End PBXFrameworksBuildPhase section */

/* Begin PBXGroup section */
		183DCD571D010EA700710703 = {
			isa = PBXGroup;
			children = (
				183DCD621D010EA700710703 /* ACWorld */,
				183DCD611D010EA700710703 /* Products */,
				51C0D172FDCF811B4DEBC960 /* Pods */,
				31DE0BD2D7077955F9772823 /* Frameworks */,
			);
			sourceTree = "<group>";
		};
		183DCD611D010EA700710703 /* Products */ = {
			isa = PBXGroup;
			children = (
				183DCD601D010EA700710703 /* ACWorld.app */,
			);
			name = Products;
			sourceTree = "<group>";
		};
		183DCD621D010EA700710703 /* ACWorld */ = {
			isa = PBXGroup;
			children = (
				183DCD7E1D010F7F00710703 /* Tools */,
				183DCD891D010F7F00710703 /* Until */,
				183DCD911D0111DA00710703 /* Main */,
				183DCD7A1D010F7F00710703 /* Home */,
				183DCD7B1D010F7F00710703 /* Login */,
				183DCD661D010EA700710703 /* AppDelegate.h */,
				183DCD671D010EA700710703 /* AppDelegate.m */,
				183DCD6F1D010EA700710703 /* Assets.xcassets */,
				183DCD711D010EA800710703 /* LaunchScreen.storyboard */,
				183DCD741D010EA800710703 /* Info.plist */,
				183DCD631D010EA700710703 /* Supporting Files */,
			);
			path = ACWorld;
			sourceTree = "<group>";
		};
		183DCD631D010EA700710703 /* Supporting Files */ = {
			isa = PBXGroup;
			children = (
				183DCD641D010EA700710703 /* main.m */,
			);
			name = "Supporting Files";
			sourceTree = "<group>";
		};
		183DCD7A1D010F7F00710703 /* Home */ = {
			isa = PBXGroup;
			children = (
				183DCD9B1D0116FC00710703 /* Message */,
				183DCDA11D01192C00710703 /* World */,
				183DCD9F1D01192C00710703 /* Meeting */,
				183DCDA01D01192C00710703 /* Mine */,
			);
			path = Home;
			sourceTree = "<group>";
		};
		183DCD7B1D010F7F00710703 /* Login */ = {
			isa = PBXGroup;
			children = (
				183DCD7C1D010F7F00710703 /* LoginViewController.h */,
				183DCD7D1D010F7F00710703 /* LoginViewController.m */,
			);
			path = Login;
			sourceTree = "<group>";
		};
		183DCD7E1D010F7F00710703 /* Tools */ = {
			isa = PBXGroup;
			children = (
				183DCF0C1D0525DA00710703 /* NSObject+Model.h */,
				183DCF0D1D0525DA00710703 /* NSObject+Model.m */,
				183DCF0E1D0525DA00710703 /* NSObject+Property.h */,
				183DCF0F1D0525DA00710703 /* NSObject+Property.m */,
				183DCD7F1D010F7F00710703 /* LyCustomLoginTextField.h */,
				183DCD801D010F7F00710703 /* LyCustomLoginTextField.m */,
				183DCD811D010F7F00710703 /* MyUtil.h */,
				183DCD821D010F7F00710703 /* MyUtil.m */,
				183DCD831D010F7F00710703 /* origin和size的直接赋值 */,
				183DCD861D010F7F00710703 /* 屏幕适配 */,
			);
			path = Tools;
			sourceTree = "<group>";
		};
		183DCD831D010F7F00710703 /* origin和size的直接赋值 */ = {
			isa = PBXGroup;
			children = (
				183DCD841D010F7F00710703 /* UIView+Category.h */,
				183DCD851D010F7F00710703 /* UIView+Category.m */,
			);
			path = "origin和size的直接赋值";
			sourceTree = "<group>";
		};
		183DCD861D010F7F00710703 /* 屏幕适配 */ = {
			isa = PBXGroup;
			children = (
				183DCD871D010F7F00710703 /* LyMatchScreen.h */,
				183DCD881D010F7F00710703 /* LyMatchScreen.m */,
			);
			path = "屏幕适配";
			sourceTree = "<group>";
		};
		183DCD891D010F7F00710703 /* Until */ = {
			isa = PBXGroup;
			children = (
				183DCDAB1D012FBB00710703 /* UMSocial_Sdk_5.2.1 */,
				183DCDC61D012FBB00710703 /* UMSocial_Sdk_Extra_Frameworks */,
				183DCD8A1D010F7F00710703 /* MBProgressHUD.bundle */,
			);
			path = Until;
			sourceTree = "<group>";
		};
		183DCD911D0111DA00710703 /* Main */ = {
			isa = PBXGroup;
			children = (
				183DCF121D05269700710703 /* SkipViewController.h */,
				183DCF131D05269700710703 /* SkipViewController.m */,
				183DCD951D0112CD00710703 /* MyTabBarController.h */,
				183DCD961D0112CD00710703 /* MyTabBarController.m */,
				183DCF151D0526EE00710703 /* PrefixHeader.pch */,
			);
			path = Main;
			sourceTree = "<group>";
		};
		183DCD9B1D0116FC00710703 /* Message */ = {
			isa = PBXGroup;
			children = (
				183DCF421D056D4100710703 /* popMenu */,
				183DCF3C1D05626F00710703 /* MessageCell.h */,
				183DCF3D1D05626F00710703 /* MessageCell.m */,
				183DCD9C1D01170D00710703 /* MessageViewController.h */,
				183DCD9D1D01170D00710703 /* MessageViewController.m */,
				183DCF3F1D05692000710703 /* MessageChattingViewController.h */,
				183DCF401D05692000710703 /* MessageChattingViewController.m */,
			);
			path = Message;
			sourceTree = "<group>";
		};
		183DCD9F1D01192C00710703 /* Meeting */ = {
			isa = PBXGroup;
			children = (
				183DCDA51D01195300710703 /* MeetingViewController.h */,
				183DCDA61D01195300710703 /* MeetingViewController.m */,
			);
			path = Meeting;
			sourceTree = "<group>";
		};
		183DCDA01D01192C00710703 /* Mine */ = {
			isa = PBXGroup;
			children = (
				183DCDA81D01195C00710703 /* MineViewController.h */,
				183DCDA91D01195C00710703 /* MineViewController.m */,
			);
			path = Mine;
			sourceTree = "<group>";
		};
		183DCDA11D01192C00710703 /* World */ = {
			isa = PBXGroup;
			children = (
				183DCDA21D01194900710703 /* WorldViewController.h */,
				183DCDA31D01194900710703 /* WorldViewController.m */,
			);
			path = World;
			sourceTree = "<group>";
		};
		183DCDAB1D012FBB00710703 /* UMSocial_Sdk_5.2.1 */ = {
			isa = PBXGroup;
			children = (
				183DCDAC1D012FBB00710703 /* UMSocialLocalizable.strings */,
				183DCDAE1D012FBB00710703 /* Header */,
				183DCDBA1D012FBB00710703 /* libUMSocial_Sdk_5.2.1.a */,
				183DCDBB1D012FBB00710703 /* SocialSDKXib */,
				183DCDC41D012FBB00710703 /* UMSocialSDKResourcesNew.bundle */,
			);
			path = UMSocial_Sdk_5.2.1;
			sourceTree = "<group>";
		};
		183DCDAE1D012FBB00710703 /* Header */ = {
			isa = PBXGroup;
			children = (
				183DCDAF1D012FBB00710703 /* UMSocial.h */,
				183DCDB01D012FBB00710703 /* UMSocialAccountManager.h */,
				183DCDB11D012FBB00710703 /* UMSocialBar.h */,
				183DCDB21D012FBB00710703 /* UMSocialConfig.h */,
				183DCDB31D012FBB00710703 /* UMSocialControllerService.h */,
				183DCDB41D012FBB00710703 /* UMSocialControllerServiceComment.h */,
				183DCDB51D012FBB00710703 /* UMSocialData.h */,
				183DCDB61D012FBB00710703 /* UMSocialDataService.h */,
				183DCDB71D012FBB00710703 /* UMSocialSnsData.h */,
				183DCDB81D012FBB00710703 /* UMSocialSnsPlatformManager.h */,
				183DCDB91D012FBB00710703 /* UMSocialSnsService.h */,
			);
			path = Header;
			sourceTree = "<group>";
		};
		183DCDBB1D012FBB00710703 /* SocialSDKXib */ = {
			isa = PBXGroup;
			children = (
				183DCDBC1D012FBB00710703 /* UMSCommentDetailController.xib */,
				183DCDBD1D012FBB00710703 /* UMSCommentInputController.xib */,
				183DCDBE1D012FBB00710703 /* UMSCommentInputControlleriPad.xib */,
				183DCDBF1D012FBB00710703 /* UMShareEditViewController.xib */,
				183DCDC01D012FBB00710703 /* UMShareEditViewControlleriPad.xib */,
				183DCDC11D012FBB00710703 /* UMSLoginViewController.xib */,
				183DCDC21D012FBB00710703 /* UMSnsAccountViewController.xib */,
				183DCDC31D012FBB00710703 /* UMSShareListController.xib */,
			);
			path = SocialSDKXib;
			sourceTree = "<group>";
		};
		183DCDC61D012FBB00710703 /* UMSocial_Sdk_Extra_Frameworks */ = {
			isa = PBXGroup;
			children = (
				183DCDC71D012FBB00710703 /* TencentOpenAPI */,
				183DCDCC1D012FBB00710703 /* Wechat */,
			);
			path = UMSocial_Sdk_Extra_Frameworks;
			sourceTree = "<group>";
		};
		183DCDC71D012FBB00710703 /* TencentOpenAPI */ = {
			isa = PBXGroup;
			children = (
				183DCDC81D012FBB00710703 /* libSocialQQ.a */,
				183DCDC91D012FBB00710703 /* TencentOpenAPI.framework */,
				183DCDCA1D012FBB00710703 /* TencentOpenApi_IOS_Bundle.bundle */,
				183DCDCB1D012FBB00710703 /* UMSocialQQHandler.h */,
			);
			path = TencentOpenAPI;
			sourceTree = "<group>";
		};
		183DCDCC1D012FBB00710703 /* Wechat */ = {
			isa = PBXGroup;
			children = (
				183DCDCD1D012FBB00710703 /* libSocialWechat.a */,
				183DCDCE1D012FBB00710703 /* libWeChatSDK.a */,
				183DCDCF1D012FBB00710703 /* README.txt */,
				183DCDD01D012FBB00710703 /* UMSocialWechatHandler.h */,
				183DCDD11D012FBB00710703 /* WechatAuthSDK.h */,
				183DCDD21D012FBB00710703 /* WXApi.h */,
				183DCDD31D012FBB00710703 /* WXApiObject.h */,
			);
			path = Wechat;
			sourceTree = "<group>";
		};
		183DCF421D056D4100710703 /* popMenu */ = {
			isa = PBXGroup;
			children = (
				183DCF431D056D6000710703 /* PopMenu.h */,
				183DCF441D056D6000710703 /* PopMenu.m */,
			);
			name = popMenu;
			sourceTree = "<group>";
		};
		31DE0BD2D7077955F9772823 /* Frameworks */ = {
			isa = PBXGroup;
			children = (
				183DCDF31D01329200710703 /* libz.tbd */,
				183DCDF11D01328A00710703 /* libstdc++.tbd */,
				183DCDEF1D01328000710703 /* CoreTelephony.framework */,
				183DCDED1D01327700710703 /* libsqlite3.tbd */,
				183DCDEB1D01326E00710703 /* CoreGraphics.framework */,
				183DCDE91D01326200710703 /* SystemConfiguration.framework */,
				183DCDE71D01325A00710703 /* libiconv.tbd */,
				183DCDE51D01324F00710703 /* Security.framework */,
				7AA9220AA56B3935FA5950EC /* libPods-ACWorld.a */,
			);
			name = Frameworks;
			sourceTree = "<group>";
		};
		51C0D172FDCF811B4DEBC960 /* Pods */ = {
			isa = PBXGroup;
			children = (
				A0DD7A2629481DBB3CB2ACF1 /* Pods-ACWorld.debug.xcconfig */,
				F31649F27EF1743E1CC71E16 /* Pods-ACWorld.release.xcconfig */,
			);
			name = Pods;
			sourceTree = "<group>";
		};
/* End PBXGroup section */

/* Begin PBXNativeTarget section */
		183DCD5F1D010EA700710703 /* ACWorld */ = {
			isa = PBXNativeTarget;
			buildConfigurationList = 183DCD771D010EA800710703 /* Build configuration list for PBXNativeTarget "ACWorld" */;
			buildPhases = (
				8C97371E569209FDF18E114F /* 📦 Check Pods Manifest.lock */,
				183DCD5C1D010EA700710703 /* Sources */,
				183DCD5D1D010EA700710703 /* Frameworks */,
				183DCD5E1D010EA700710703 /* Resources */,
				4D0605F602D1B7EDEBEAEA4E /* 📦 Embed Pods Frameworks */,
				F90270DC0D256C1A1F6BB069 /* 📦 Copy Pods Resources */,
			);
			buildRules = (
			);
			dependencies = (
			);
			name = ACWorld;
			productName = ACWorld;
			productReference = 183DCD601D010EA700710703 /* ACWorld.app */;
			productType = "com.apple.product-type.application";
		};
/* End PBXNativeTarget section */

/* Begin PBXProject section */
		183DCD581D010EA700710703 /* Project object */ = {
			isa = PBXProject;
			attributes = {
				LastUpgradeCheck = 0730;
				ORGANIZATIONNAME = "雷晏";
				TargetAttributes = {
					183DCD5F1D010EA700710703 = {
						CreatedOnToolsVersion = 7.3.1;
						DevelopmentTeam = 4A6PUN5CNM;
					};
				};
			};
			buildConfigurationList = 183DCD5B1D010EA700710703 /* Build configuration list for PBXProject "ACWorld" */;
			compatibilityVersion = "Xcode 3.2";
			developmentRegion = English;
			hasScannedForEncodings = 0;
			knownRegions = (
				en,
				Base,
				"zh-Hans",
			);
			mainGroup = 183DCD571D010EA700710703;
			productRefGroup = 183DCD611D010EA700710703 /* Products */;
			projectDirPath = "";
			projectRoot = "";
			targets = (
				183DCD5F1D010EA700710703 /* ACWorld */,
			);
		};
/* End PBXProject section */

/* Begin PBXResourcesBuildPhase section */
		183DCD5E1D010EA700710703 /* Resources */ = {
			isa = PBXResourcesBuildPhase;
			buildActionMask = 2147483647;
			files = (
				183DCDDA1D012FBB00710703 /* UMShareEditViewControlleriPad.xib in Resources */,
				183DCDDC1D012FBB00710703 /* UMSnsAccountViewController.xib in Resources */,
				183DCDD71D012FBB00710703 /* UMSCommentInputController.xib in Resources */,
				183DCDE11D012FBB00710703 /* TencentOpenApi_IOS_Bundle.bundle in Resources */,
				183DCDD61D012FBB00710703 /* UMSCommentDetailController.xib in Resources */,
				183DCD731D010EA800710703 /* LaunchScreen.storyboard in Resources */,
				183DCDE41D012FBB00710703 /* README.txt in Resources */,
				183DCD901D010F7F00710703 /* MBProgressHUD.bundle in Resources */,
				183DCDDE1D012FBB00710703 /* UMSocialSDKResourcesNew.bundle in Resources */,
				183DCDD81D012FBB00710703 /* UMSCommentInputControlleriPad.xib in Resources */,
				183DCDD91D012FBB00710703 /* UMShareEditViewController.xib in Resources */,
				183DCDDD1D012FBB00710703 /* UMSShareListController.xib in Resources */,
				183DCDD41D012FBB00710703 /* UMSocialLocalizable.strings in Resources */,
				183DCD701D010EA700710703 /* Assets.xcassets in Resources */,
				183DCDDB1D012FBB00710703 /* UMSLoginViewController.xib in Resources */,
			);
			runOnlyForDeploymentPostprocessing = 0;
		};
/* End PBXResourcesBuildPhase section */

/* Begin PBXShellScriptBuildPhase section */
		4D0605F602D1B7EDEBEAEA4E /* 📦 Embed Pods Frameworks */ = {
			isa = PBXShellScriptBuildPhase;
			buildActionMask = 2147483647;
			files = (
			);
			inputPaths = (
			);
			name = "📦 Embed Pods Frameworks";
			outputPaths = (
			);
			runOnlyForDeploymentPostprocessing = 0;
			shellPath = /bin/sh;
			shellScript = "\"${SRCROOT}/Pods/Target Support Files/Pods-ACWorld/Pods-ACWorld-frameworks.sh\"\n";
			showEnvVarsInLog = 0;
		};
		8C97371E569209FDF18E114F /* 📦 Check Pods Manifest.lock */ = {
			isa = PBXShellScriptBuildPhase;
			buildActionMask = 2147483647;
			files = (
			);
			inputPaths = (
			);
			name = "📦 Check Pods Manifest.lock";
			outputPaths = (
			);
			runOnlyForDeploymentPostprocessing = 0;
			shellPath = /bin/sh;
			shellScript = "diff \"${PODS_ROOT}/../Podfile.lock\" \"${PODS_ROOT}/Manifest.lock\" > /dev/null\nif [[ $? != 0 ]] ; then\n    cat << EOM\nerror: The sandbox is not in sync with the Podfile.lock. Run 'pod install' or update your CocoaPods installation.\nEOM\n    exit 1\nfi\n";
			showEnvVarsInLog = 0;
		};
		F90270DC0D256C1A1F6BB069 /* 📦 Copy Pods Resources */ = {
			isa = PBXShellScriptBuildPhase;
			buildActionMask = 2147483647;
			files = (
			);
			inputPaths = (
			);
			name = "📦 Copy Pods Resources";
			outputPaths = (
			);
			runOnlyForDeploymentPostprocessing = 0;
			shellPath = /bin/sh;
			shellScript = "\"${SRCROOT}/Pods/Target Support Files/Pods-ACWorld/Pods-ACWorld-resources.sh\"\n";
			showEnvVarsInLog = 0;
		};
/* End PBXShellScriptBuildPhase section */

/* Begin PBXSourcesBuildPhase section */
		183DCD5C1D010EA700710703 /* Sources */ = {
			isa = PBXSourcesBuildPhase;
			buildActionMask = 2147483647;
			files = (
				183DCD8B1D010F7F00710703 /* LoginViewController.m in Sources */,
				183DCDAA1D01195C00710703 /* MineViewController.m in Sources */,
				183DCF111D0525DA00710703 /* NSObject+Property.m in Sources */,
				183DCD9E1D01170D00710703 /* MessageViewController.m in Sources */,
				183DCF411D05692000710703 /* MessageChattingViewController.m in Sources */,
				183DCD8E1D010F7F00710703 /* UIView+Category.m in Sources */,
				183DCD971D0112CD00710703 /* MyTabBarController.m in Sources */,
				183DCD8C1D010F7F00710703 /* LyCustomLoginTextField.m in Sources */,
				183DCD8F1D010F7F00710703 /* LyMatchScreen.m in Sources */,
				183DCD681D010EA700710703 /* AppDelegate.m in Sources */,
				183DCD651D010EA700710703 /* main.m in Sources */,
				183DCF101D0525DA00710703 /* NSObject+Model.m in Sources */,
				183DCF451D056D6000710703 /* PopMenu.m in Sources */,
				183DCDA71D01195300710703 /* MeetingViewController.m in Sources */,
				183DCD8D1D010F7F00710703 /* MyUtil.m in Sources */,
				183DCF3E1D05626F00710703 /* MessageCell.m in Sources */,
				183DCF141D05269700710703 /* SkipViewController.m in Sources */,
				183DCDA41D01194900710703 /* WorldViewController.m in Sources */,
			);
			runOnlyForDeploymentPostprocessing = 0;
		};
/* End PBXSourcesBuildPhase section */

/* Begin PBXVariantGroup section */
		183DCD711D010EA800710703 /* LaunchScreen.storyboard */ = {
			isa = PBXVariantGroup;
			children = (
				183DCD721D010EA800710703 /* Base */,
			);
			name = LaunchScreen.storyboard;
			sourceTree = "<group>";
		};
		183DCDAC1D012FBB00710703 /* UMSocialLocalizable.strings */ = {
			isa = PBXVariantGroup;
			children = (
				183DCDAD1D012FBB00710703 /* en */,
				183DCDC51D012FBB00710703 /* zh-Hans */,
			);
			name = UMSocialLocalizable.strings;
			sourceTree = "<group>";
		};
/* End PBXVariantGroup section */

/* Begin XCBuildConfiguration section */
		183DCD751D010EA800710703 /* Debug */ = {
			isa = XCBuildConfiguration;
			buildSettings = {
				ALWAYS_SEARCH_USER_PATHS = NO;
				CLANG_ANALYZER_NONNULL = YES;
				CLANG_CXX_LANGUAGE_STANDARD = "gnu++0x";
				CLANG_CXX_LIBRARY = "libc++";
				CLANG_ENABLE_MODULES = YES;
				CLANG_ENABLE_OBJC_ARC = YES;
				CLANG_WARN_BOOL_CONVERSION = YES;
				CLANG_WARN_CONSTANT_CONVERSION = YES;
				CLANG_WARN_DIRECT_OBJC_ISA_USAGE = YES_ERROR;
				CLANG_WARN_EMPTY_BODY = YES;
				CLANG_WARN_ENUM_CONVERSION = YES;
				CLANG_WARN_INT_CONVERSION = YES;
				CLANG_WARN_OBJC_ROOT_CLASS = YES_ERROR;
				CLANG_WARN_UNREACHABLE_CODE = YES;
				CLANG_WARN__DUPLICATE_METHOD_MATCH = YES;
				"CODE_SIGN_IDENTITY[sdk=iphoneos*]" = "iPhone Developer";
				COPY_PHASE_STRIP = NO;
				DEBUG_INFORMATION_FORMAT = dwarf;
				ENABLE_STRICT_OBJC_MSGSEND = YES;
				ENABLE_TESTABILITY = YES;
				GCC_C_LANGUAGE_STANDARD = gnu99;
				GCC_DYNAMIC_NO_PIC = NO;
				GCC_NO_COMMON_BLOCKS = YES;
				GCC_OPTIMIZATION_LEVEL = 0;
				GCC_PREPROCESSOR_DEFINITIONS = (
					"DEBUG=1",
					"$(inherited)",
				);
				GCC_WARN_64_TO_32_BIT_CONVERSION = YES;
				GCC_WARN_ABOUT_RETURN_TYPE = YES_ERROR;
				GCC_WARN_UNDECLARED_SELECTOR = YES;
				GCC_WARN_UNINITIALIZED_AUTOS = YES_AGGRESSIVE;
				GCC_WARN_UNUSED_FUNCTION = YES;
				GCC_WARN_UNUSED_VARIABLE = YES;
				IPHONEOS_DEPLOYMENT_TARGET = 9.3;
				MTL_ENABLE_DEBUG_INFO = YES;
				ONLY_ACTIVE_ARCH = YES;
				SDKROOT = iphoneos;
			};
			name = Debug;
		};
		183DCD761D010EA800710703 /* Release */ = {
			isa = XCBuildConfiguration;
			buildSettings = {
				ALWAYS_SEARCH_USER_PATHS = NO;
				CLANG_ANALYZER_NONNULL = YES;
				CLANG_CXX_LANGUAGE_STANDARD = "gnu++0x";
				CLANG_CXX_LIBRARY = "libc++";
				CLANG_ENABLE_MODULES = YES;
				CLANG_ENABLE_OBJC_ARC = YES;
				CLANG_WARN_BOOL_CONVERSION = YES;
				CLANG_WARN_CONSTANT_CONVERSION = YES;
				CLANG_WARN_DIRECT_OBJC_ISA_USAGE = YES_ERROR;
				CLANG_WARN_EMPTY_BODY = YES;
				CLANG_WARN_ENUM_CONVERSION = YES;
				CLANG_WARN_INT_CONVERSION = YES;
				CLANG_WARN_OBJC_ROOT_CLASS = YES_ERROR;
				CLANG_WARN_UNREACHABLE_CODE = YES;
				CLANG_WARN__DUPLICATE_METHOD_MATCH = YES;
				"CODE_SIGN_IDENTITY[sdk=iphoneos*]" = "iPhone Developer";
				COPY_PHASE_STRIP = NO;
				DEBUG_INFORMATION_FORMAT = "dwarf-with-dsym";
				ENABLE_NS_ASSERTIONS = NO;
				ENABLE_STRICT_OBJC_MSGSEND = YES;
				GCC_C_LANGUAGE_STANDARD = gnu99;
				GCC_NO_COMMON_BLOCKS = YES;
				GCC_WARN_64_TO_32_BIT_CONVERSION = YES;
				GCC_WARN_ABOUT_RETURN_TYPE = YES_ERROR;
				GCC_WARN_UNDECLARED_SELECTOR = YES;
				GCC_WARN_UNINITIALIZED_AUTOS = YES_AGGRESSIVE;
				GCC_WARN_UNUSED_FUNCTION = YES;
				GCC_WARN_UNUSED_VARIABLE = YES;
				IPHONEOS_DEPLOYMENT_TARGET = 9.3;
				MTL_ENABLE_DEBUG_INFO = NO;
				SDKROOT = iphoneos;
				VALIDATE_PRODUCT = YES;
			};
			name = Release;
		};
		183DCD781D010EA800710703 /* Debug */ = {
			isa = XCBuildConfiguration;
			baseConfigurationReference = A0DD7A2629481DBB3CB2ACF1 /* Pods-ACWorld.debug.xcconfig */;
			buildSettings = {
				ASSETCATALOG_COMPILER_APPICON_NAME = AppIcon;
				CODE_SIGN_IDENTITY = "iPhone Developer";
				ENABLE_STRICT_OBJC_MSGSEND = NO;
				FRAMEWORK_SEARCH_PATHS = (
					"$(inherited)",
					"$(PROJECT_DIR)/ACWorld/Until/UMSocial_Sdk_Extra_Frameworks/TencentOpenAPI",
				);
				GCC_PREFIX_HEADER = "$(SRCROOT)/ACWorld/Main/PrefixHeader.pch";
				INFOPLIST_FILE = ACWorld/Info.plist;
				LD_RUNPATH_SEARCH_PATHS = "$(inherited) @executable_path/Frameworks";
				LIBRARY_SEARCH_PATHS = (
					"$(inherited)",
					"$(PROJECT_DIR)/ACWorld/Until/UMSocial_Sdk_5.2.1",
					"$(PROJECT_DIR)/ACWorld/Until/UMSocial_Sdk_Extra_Frameworks/TencentOpenAPI",
					"$(PROJECT_DIR)/ACWorld/Until/UMSocial_Sdk_Extra_Frameworks/Wechat",
				);
				PRODUCT_BUNDLE_IDENTIFIER = com.leiyan.ACWorld;
				PRODUCT_NAME = "$(TARGET_NAME)";
			};
			name = Debug;
		};
		183DCD791D010EA800710703 /* Release */ = {
			isa = XCBuildConfiguration;
			baseConfigurationReference = F31649F27EF1743E1CC71E16 /* Pods-ACWorld.release.xcconfig */;
			buildSettings = {
				ASSETCATALOG_COMPILER_APPICON_NAME = AppIcon;
				CODE_SIGN_IDENTITY = "iPhone Developer";
				ENABLE_STRICT_OBJC_MSGSEND = NO;
				FRAMEWORK_SEARCH_PATHS = (
					"$(inherited)",
					"$(PROJECT_DIR)/ACWorld/Until/UMSocial_Sdk_Extra_Frameworks/TencentOpenAPI",
				);
				GCC_PREFIX_HEADER = "$(SRCROOT)/ACWorld/Main/PrefixHeader.pch";
				INFOPLIST_FILE = ACWorld/Info.plist;
				LD_RUNPATH_SEARCH_PATHS = "$(inherited) @executable_path/Frameworks";
				LIBRARY_SEARCH_PATHS = (
					"$(inherited)",
					"$(PROJECT_DIR)/ACWorld/Until/UMSocial_Sdk_5.2.1",
					"$(PROJECT_DIR)/ACWorld/Until/UMSocial_Sdk_Extra_Frameworks/TencentOpenAPI",
					"$(PROJECT_DIR)/ACWorld/Until/UMSocial_Sdk_Extra_Frameworks/Wechat",
				);
				PRODUCT_BUNDLE_IDENTIFIER = com.leiyan.ACWorld;
				PRODUCT_NAME = "$(TARGET_NAME)";
			};
			name = Release;
		};
/* End XCBuildConfiguration section */

/* Begin XCConfigurationList section */
		183DCD5B1D010EA700710703 /* Build configuration list for PBXProject "ACWorld" */ = {
			isa = XCConfigurationList;
			buildConfigurations = (
				183DCD751D010EA800710703 /* Debug */,
				183DCD761D010EA800710703 /* Release */,
			);
			defaultConfigurationIsVisible = 0;
			defaultConfigurationName = Release;
		};
		183DCD771D010EA800710703 /* Build configuration list for PBXNativeTarget "ACWorld" */ = {
			isa = XCConfigurationList;
			buildConfigurations = (
				183DCD781D010EA800710703 /* Debug */,
				183DCD791D010EA800710703 /* Release */,
			);
			defaultConfigurationIsVisible = 0;
			defaultConfigurationName = Release;
		};
/* End XCConfigurationList section */
	};
	rootObject = 183DCD581D010EA700710703 /* Project object */;
}
